
Microsoft Visual Studio Solution File, Format Version 12.00
# Visual Studio Version 16
VisualStudioVersion = 16.0.31702.278
MinimumVisualStudioVersion = 10.0.40219.1
Project("{9A19103F-16F7-4668-BE54-9A1E7A4F7556}") = "Functions", "Functions\Functions.csproj", "{D28CBB5D-0D8F-4A75-9612-AA4F5CAA310B}"
EndProject
Project("{9A19103F-16F7-4668-BE54-9A1E7A4F7556}") = "UserNameData", "UserNameData\UserNameData.csproj", "{CF46F6E2-F4C4-4D77-9AD8-122643CABD91}"
EndProject
Project("{FAE04EC0-301F-11D3-BF4B-00C04F79EFBC}") = "UserNameDataTask", "UserNameDataTask\UserNameDataTask.csproj", "{EDF09349-C4CA-4056-AFFB-D66D84779043}"
EndProject
Global
	GlobalSection(SolutionConfigurationPlatforms) = preSolution
		Debug|Any CPU = Debug|Any CPU
		Release|Any CPU = Release|Any CPU
	EndGlobalSection
	GlobalSection(ProjectConfigurationPlatforms) = postSolution
		{D28CBB5D-0D8F-4A75-9612-AA4F5CAA310B}.Debug|Any CPU.ActiveCfg = Debug|Any CPU
		{D28CBB5D-0D8F-4A75-9612-AA4F5CAA310B}.Debug|Any CPU.Build.0 = Debug|Any CPU
		{D28CBB5D-0D8F-4A75-9612-AA4F5CAA310B}.Release|Any CPU.ActiveCfg = Release|Any CPU
		{D28CBB5D-0D8F-4A75-9612-AA4F5CAA310B}.Release|Any CPU.Build.0 = Release|Any CPU
		{CF46F6E2-F4C4-4D77-9AD8-122643CABD91}.Debug|Any CPU.ActiveCfg = Debug|Any CPU
		{CF46F6E2-F4C4-4D77-9AD8-122643CABD91}.Debug|Any CPU.Build.0 = Debug|Any CPU
		{CF46F6E2-F4C4-4D77-9AD8-122643CABD91}.Release|Any CPU.ActiveCfg = Release|Any CPU
		{CF46F6E2-F4C4-4D77-9AD8-122643CABD91}.Release|Any CPU.Build.0 = Release|Any CPU
		{EDF09349-C4CA-4056-AFFB-D66D84779043}.Debug|Any CPU.ActiveCfg = Debug|Any CPU
		{EDF09349-C4CA-4056-AFFB-D66D84779043}.Debug|Any CPU.Build.0 = Debug|Any CPU
		{EDF09349-C4CA-4056-AFFB-D66D84779043}.Release|Any CPU.ActiveCfg = Release|Any CPU
		{EDF09349-C4CA-4056-AFFB-D66D84779043}.Release|Any CPU.Build.0 = Release|Any CPU
	EndGlobalSection
	GlobalSection(SolutionProperties) = preSolution
		HideSolutionNode = FALSE
	EndGlobalSection
	GlobalSection(ExtensibilityGlobals) = postSolution
		SolutionGuid = {90B2B4AF-6156-4EFE-99FE-393736B7FC46}
	EndGlobalSection
EndGlobal
